{
  "name": "dummy",
  "lockfileVersion": 2,
  "requires": true,
  "packages": {
    "": {
      "name": "dummy",
      "dependencies": {
        "@metrist/protocol": "^0.0.5"
      },
      "bin": {
        "dummy": "main.js"
      }
    },
    "node_modules/@metrist/protocol": {
      "version": "0.0.5",
      "resolved": "https://registry.npmjs.org/@metrist/protocol/-/protocol-0.0.5.tgz",
      "integrity": "sha512-F3qgP8jH2zg1Wtpe3fDWxD6MI1LgQDYmyu8sPJLOltXusjxIIcedgmmHxM6V12fo49MK+YvV//dMxaHVSDUDKg=="
    }
  },
  "dependencies": {
    "@metrist/protocol": {
      "version": "0.0.5",
      "resolved": "https://registry.npmjs.org/@metrist/protocol/-/protocol-0.0.5.tgz",
      "integrity": "sha512-F3qgP8jH2zg1Wtpe3fDWxD6MI1LgQDYmyu8sPJLOltXusjxIIcedgmmHxM6V12fo49MK+YvV//dMxaHVSDUDKg=="
    }
  }
}
